# This file is automatically @generated by Poetry 2.1.3 and should not be changed by hand.

[[package]]
name = "attrs"
version = "25.3.0"
description = "Classes Without Boilerplate"
optional = false
python-versions = ">=3.8"
groups = ["dev"]
files = [
    {file = "attrs-25.3.0-py3-none-any.whl", hash = "sha256:427318ce031701fea540783410126f03899a97ffc6f61596ad581ac2e40e3bc3"},
    {file = "attrs-25.3.0.tar.gz", hash = "sha256:75d7cefc7fb576747b2c81b4442d4d4a1ce0900973527c011d1030fd3bf4af1b"},
]

[package.extras]
benchmark = ["cloudpickle ; platform_python_implementation == \"CPython\"", "hypothesis", "mypy (>=1.11.1) ; platform_python_implementation == \"CPython\" and python_version >= \"3.10\"", "pympler", "pytest (>=4.3.0)", "pytest-codspeed", "pytest-mypy-plugins ; platform_python_implementation == \"CPython\" and python_version >= \"3.10\"", "pytest-xdist[psutil]"]
cov = ["cloudpickle ; platform_python_implementation == \"CPython\"", "coverage[toml] (>=5.3)", "hypothesis", "mypy (>=1.11.1) ; platform_python_implementation == \"CPython\" and python_version >= \"3.10\"", "pympler", "pytest (>=4.3.0)", "pytest-mypy-plugins ; platform_python_implementation == \"CPython\" and python_version >= \"3.10\"", "pytest-xdist[psutil]"]
dev = ["cloudpickle ; platform_python_implementation == \"CPython\"", "hypothesis", "mypy (>=1.11.1) ; platform_python_implementation == \"CPython\" and python_version >= \"3.10\"", "pre-commit-uv", "pympler", "pytest (>=4.3.0)", "pytest-mypy-plugins ; platform_python_implementation == \"CPython\" and python_version >= \"3.10\"", "pytest-xdist[psutil]"]
docs = ["cogapp", "furo", "myst-parser", "sphinx", "sphinx-notfound-page", "sphinxcontrib-towncrier", "towncrier"]
tests = ["cloudpickle ; platform_python_implementation == \"CPython\"", "hypothesis", "mypy (>=1.11.1) ; platform_python_implementation == \"CPython\" and python_version >= \"3.10\"", "pympler", "pytest (>=4.3.0)", "pytest-mypy-plugins ; platform_python_implementation == \"CPython\" and python_version >= \"3.10\"", "pytest-xdist[psutil]"]
tests-mypy = ["mypy (>=1.11.1) ; platform_python_implementation == \"CPython\" and python_version >= \"3.10\"", "pytest-mypy-plugins ; platform_python_implementation == \"CPython\" and python_version >= \"3.10\""]

[[package]]
name = "click"
version = "8.2.1"
description = "Composable command line interface toolkit"
optional = false
python-versions = ">=3.10"
groups = ["dev"]
files = [
    {file = "click-8.2.1-py3-none-any.whl", hash = "sha256:61a3265b914e850b85317d0b3109c7f8cd35a670f963866005d6ef1d5175a12b"},
    {file = "click-8.2.1.tar.gz", hash = "sha256:27c491cc05d968d271d5a1db13e3b5a184636d9d930f148c50b038f0d0646202"},
]

[package.dependencies]
colorama = {version = "*", markers = "platform_system == \"Windows\""}

[[package]]
name = "colorama"
version = "0.4.6"
description = "Cross-platform colored terminal text."
optional = false
python-versions = "!=3.0.*,!=3.1.*,!=3.2.*,!=3.3.*,!=3.4.*,!=3.5.*,!=3.6.*,>=2.7"
groups = ["dev"]
markers = "platform_system == \"Windows\""
files = [
    {file = "colorama-0.4.6-py2.py3-none-any.whl", hash = "sha256:4f1d9991f5acc0ca119f9d443620b77f9d6b33703e51011c16baf57afb285fc6"},
    {file = "colorama-0.4.6.tar.gz", hash = "sha256:08695f5cb7ed6e0531a20572697297273c47b8cae5a63ffc6d6ed5c201be6e44"},
]

[[package]]
name = "flake8"
version = "7.3.0"
description = "the modular source code checker: pep8 pyflakes and co"
optional = false
python-versions = ">=3.9"
groups = ["dev"]
files = [
    {file = "flake8-7.3.0-py2.py3-none-any.whl", hash = "sha256:b9696257b9ce8beb888cdbe31cf885c90d31928fe202be0889a7cdafad32f01e"},
    {file = "flake8-7.3.0.tar.gz", hash = "sha256:fe044858146b9fc69b551a4b490d69cf960fcb78ad1edcb84e7fbb1b4a8e3872"},
]

[package.dependencies]
mccabe = ">=0.7.0,<0.8.0"
pycodestyle = ">=2.14.0,<2.15.0"
pyflakes = ">=3.4.0,<3.5.0"

[[package]]
name = "grimp"
version = "3.9"
description = "Builds a queryable graph of the imports within one or more Python packages."
optional = false
python-versions = ">=3.9"
groups = ["dev"]
files = [
    {file = "grimp-3.9-cp310-cp310-macosx_10_12_x86_64.whl", hash = "sha256:febc16712658e4eed18a8f313036165eef33dabad65afde01c1da0429923f229"},
    {file = "grimp-3.9-cp310-cp310-macosx_11_0_arm64.whl", hash = "sha256:6b79782e4fad92ee0375ac20c086d7e32e23d880ff70541295da4fba07336486"},
    {file = "grimp-3.9-cp310-cp310-manylinux_2_17_aarch64.manylinux2014_aarch64.whl", hash = "sha256:8dd8480adcd5241ffb013be922885b87de2fc7d834cdba1cc1d65f2c378bd282"},
    {file = "grimp-3.9-cp310-cp310-manylinux_2_17_armv7l.manylinux2014_armv7l.whl", hash = "sha256:bc5860e9ad17f8538bb2064aed86df27058187e554f21ecc79b3f5ae7bf5f919"},
    {file = "grimp-3.9-cp310-cp310-manylinux_2_17_i686.manylinux2014_i686.whl", hash = "sha256:dca743dad74db046a1104f53d83d7297eb14990d0ba4c8a548c493145cc158bc"},
    {file = "grimp-3.9-cp310-cp310-manylinux_2_17_ppc64le.manylinux2014_ppc64le.whl", hash = "sha256:9886231877cda72aba4c4975d819d79f149e0edb22fd3f55ed5d5f89cb3ab28e"},
    {file = "grimp-3.9-cp310-cp310-manylinux_2_17_s390x.manylinux2014_s390x.whl", hash = "sha256:f80f7bf293c552edf1e48dcc7a4339532e604357b22b2ee1d55d08ae1ff2a811"},
    {file = "grimp-3.9-cp310-cp310-manylinux_2_17_x86_64.manylinux2014_x86_64.whl", hash = "sha256:cb8bb74b38727a8928cfbfa670632c1f27cb97350348f954e318243a785f7a51"},
    {file = "grimp-3.9-cp310-cp310-musllinux_1_2_aarch64.whl", hash = "sha256:9fec4ca6a9cde9c6bc2c565243ec4294f6dea65da34c9af6b3d2725d0e6e055e"},
    {file = "grimp-3.9-cp310-cp310-musllinux_1_2_armv7l.whl", hash = "sha256:03e99fed9ac98f732bfa528eeed76643013d8278eb62a271d841fadbde408252"},
    {file = "grimp-3.9-cp310-cp310-musllinux_1_2_i686.whl", hash = "sha256:b391fe8379fade735c21a016fd22eafb85cd65c7962e8bed176dc9c2ad5a169c"},
    {file = "grimp-3.9-cp310-cp310-musllinux_1_2_x86_64.whl", hash = "sha256:7f2af0715304971798241353a3e6c5cc64339a4871dd7b33372c810e5c7c7251"},
    {file = "grimp-3.9-cp310-cp310-win32.whl", hash = "sha256:4db8ac24b52e0859ac47ee2c6aa1b40323774078dbc22193699b3ad7d2bb1bd2"},
    {file = "grimp-3.9-cp310-cp310-win_amd64.whl", hash = "sha256:75ca679e9d341f31af7af6b02dcb1069bc08f3746416c7d86508073254714ff4"},
    {file = "grimp-3.9-cp311-cp311-macosx_10_12_x86_64.whl", hash = "sha256:f28984e7b0be7c820cb41bf6fb05d707567cc892e84ca5cd21603c57e86627dd"},
    {file = "grimp-3.9-cp311-cp311-macosx_11_0_arm64.whl", hash = "sha256:21a03a6b1c682f98d59971f10152d936fe4def0ac48109fd72d111a024588c7a"},
    {file = "grimp-3.9-cp311-cp311-manylinux_2_17_aarch64.manylinux2014_aarch64.whl", hash = "sha256:ae8ce8ce5535c6bd50d4ce10747afc8f3d6d98b1c25c66856219bbeae82f3156"},
    {file = "grimp-3.9-cp311-cp311-manylinux_2_17_armv7l.manylinux2014_armv7l.whl", hash = "sha256:3e26ed94b20b2991bc0742ab468d40bff0e33619cf506ecb2ec15dd8baa1094d"},
    {file = "grimp-3.9-cp311-cp311-manylinux_2_17_i686.manylinux2014_i686.whl", hash = "sha256:f6efe43e54753edca1705bf2d002e0c40e86402c19cd4ea66fb71e1bb628e8da"},
    {file = "grimp-3.9-cp311-cp311-manylinux_2_17_ppc64le.manylinux2014_ppc64le.whl", hash = "sha256:d83b2354e90b57ea3335381df78ffe0d653f68a7a9e6fcf382f157ad9558d778"},
    {file = "grimp-3.9-cp311-cp311-manylinux_2_17_s390x.manylinux2014_s390x.whl", hash = "sha256:465b6814c3e94081e9b9491975d8f14583ff1b2712e9ee2c7a88d165fece33ab"},
    {file = "grimp-3.9-cp311-cp311-manylinux_2_17_x86_64.manylinux2014_x86_64.whl", hash = "sha256:7f7d4289c3dd7fdd515abf7ad7125c405367edbee6e286f29d5176b4278a232d"},
    {file = "grimp-3.9-cp311-cp311-musllinux_1_2_aarch64.whl", hash = "sha256:3de8685aefa3de3c966cebcbd660cbbdb10f890b0b11746adf730b5dc738b35d"},
    {file = "grimp-3.9-cp311-cp311-musllinux_1_2_armv7l.whl", hash = "sha256:aec648946dd9f9cc154aa750b6875e1e6bb2a621565b0ca98e8b4228838c971e"},
    {file = "grimp-3.9-cp311-cp311-musllinux_1_2_i686.whl", hash = "sha256:edeb78b27cee3e484e27d91accd585bfa399870cb1097f9132a8fdc920dcc584"},
    {file = "grimp-3.9-cp311-cp311-musllinux_1_2_x86_64.whl", hash = "sha256:32993eaa86d3e65d302394c09228e17373720353640c7bc6847e40cac618db9e"},
    {file = "grimp-3.9-cp311-cp311-win32.whl", hash = "sha256:0e6cc81104b227a4185a2e2644f1ee70e90686174331c3d8004848ba9c811f08"},
    {file = "grimp-3.9-cp311-cp311-win_amd64.whl", hash = "sha256:088f5a67f67491a5d4c20ef67941cbbb15f928f78a412f0d032460ee2ce518fb"},
    {file = "grimp-3.9-cp312-cp312-macosx_10_12_x86_64.whl", hash = "sha256:c19a27aa7541b620df94ceafde89d6ebf9ee1b263e80d278ea45bdd504fec769"},
    {file = "grimp-3.9-cp312-cp312-macosx_11_0_arm64.whl", hash = "sha256:f68e7a771c9eb4459106decd6cc4f11313202b10d943a1a8bed463b528889dd0"},
    {file = "grimp-3.9-cp312-cp312-manylinux_2_17_aarch64.manylinux2014_aarch64.whl", hash = "sha256:8290eb4561dc29c590fc099f2bdac4827a9b86a018e146428854f9742ab480ef"},
    {file = "grimp-3.9-cp312-cp312-manylinux_2_17_armv7l.manylinux2014_armv7l.whl", hash = "sha256:4574c0d135e6af8cddc31ac9617c00aac3181bb4d476f5aea173a5f2ac8c7479"},
    {file = "grimp-3.9-cp312-cp312-manylinux_2_17_i686.manylinux2014_i686.whl", hash = "sha256:c5e4110bd0aedd7da899e44ec0d4a93529e93f2d03e5786e3469a5f7562e11e9"},
    {file = "grimp-3.9-cp312-cp312-manylinux_2_17_ppc64le.manylinux2014_ppc64le.whl", hash = "sha256:4d098f6e10c0e42c6be0eca2726a7d7218e90ba020141fa3f88426a5f7d09d71"},
    {file = "grimp-3.9-cp312-cp312-manylinux_2_17_s390x.manylinux2014_s390x.whl", hash = "sha256:69573ecc5cc84bb175e5aa5af2fe09dfb2f33a399c59c025f5f3d7d2f6f202fe"},
    {file = "grimp-3.9-cp312-cp312-manylinux_2_17_x86_64.manylinux2014_x86_64.whl", hash = "sha256:63e4bdb4382fb0afd52216e70a0e4da3f0500de8f9e40ee8d2b68a16a35c40c4"},
    {file = "grimp-3.9-cp312-cp312-musllinux_1_2_aarch64.whl", hash = "sha256:1ddde011e9bb2fa1abb816373bd8898d1a486cf4f4b13dc46a11ddcd57406e1b"},
    {file = "grimp-3.9-cp312-cp312-musllinux_1_2_armv7l.whl", hash = "sha256:fa32eed6fb383ec4e54b4073e8ce75a5b151bb1f1d11be66be18aee04d3c9c4b"},
    {file = "grimp-3.9-cp312-cp312-musllinux_1_2_i686.whl", hash = "sha256:e9cc09977f8688839e0c9873fd214e11c971f5df38bffb31d402d04803dfff92"},
    {file = "grimp-3.9-cp312-cp312-musllinux_1_2_x86_64.whl", hash = "sha256:3a732b461db86403aa3c8154ffab85d1964c8c6adaa763803ce260abbc504b6f"},
    {file = "grimp-3.9-cp312-cp312-win32.whl", hash = "sha256:829d60b4c1c8c6bfb1c7348cf3e30b87f462a7d9316ced9d8265146a2153a0cd"},
    {file = "grimp-3.9-cp312-cp312-win_amd64.whl", hash = "sha256:556ab4fbf943299fd90e467d481803b8e1a57d28c24af5867012559f51435ceb"},
    {file = "grimp-3.9-cp313-cp313-macosx_10_12_x86_64.whl", hash = "sha256:867b476677b1d2f89b6c9ca0d7c47b279fe9d0230087f621c6aba94331411690"},
    {file = "grimp-3.9-cp313-cp313-macosx_11_0_arm64.whl", hash = "sha256:faf5dd2cc7012a6024e743976674d55e66c6e556eaffd30e5843a88cc4623c16"},
    {file = "grimp-3.9-cp313-cp313-manylinux_2_17_aarch64.manylinux2014_aarch64.whl", hash = "sha256:0ff6c0de2e9cffed8f7ec1a9c80888f01017806cfb9acf9c3d8fc3137a629d51"},
    {file = "grimp-3.9-cp313-cp313-manylinux_2_17_armv7l.manylinux2014_armv7l.whl", hash = "sha256:e38f92a650756f9b00198991cb60c5e3add9d68475425fb4fe0960d1586660ce"},
    {file = "grimp-3.9-cp313-cp313-manylinux_2_17_i686.manylinux2014_i686.whl", hash = "sha256:f4e1ef77c7841b15d9f5002c767da1060ec42cb477fa7ae33d7f9dffb4705dc0"},
    {file = "grimp-3.9-cp313-cp313-manylinux_2_17_ppc64le.manylinux2014_ppc64le.whl", hash = "sha256:19a9bb0b05d1b0738920c604cdc544c9073df6edd71f31963054576647c8f897"},
    {file = "grimp-3.9-cp313-cp313-manylinux_2_17_s390x.manylinux2014_s390x.whl", hash = "sha256:9f9d5e6182859900610f15704847897115707b28ca2c9b5c754ef3bef9adb485"},
    {file = "grimp-3.9-cp313-cp313-manylinux_2_17_x86_64.manylinux2014_x86_64.whl", hash = "sha256:b4e63efe9c2df2e8efe98142fa754ef9140e3aa3ce942ef55f52bb7a177a0822"},
    {file = "grimp-3.9-cp313-cp313-musllinux_1_2_aarch64.whl", hash = "sha256:e204b17675763a7091fd5e8b7c58c83c8383505d90b6aea6a5e0d5bb737cb856"},
    {file = "grimp-3.9-cp313-cp313-musllinux_1_2_armv7l.whl", hash = "sha256:15d23a90d34d3f94e5437c7bc29ad1b82d059ed9b039c84d6ef20d83b826ca88"},
    {file = "grimp-3.9-cp313-cp313-musllinux_1_2_i686.whl", hash = "sha256:04ed7f682ac07aee6e8cd99c1ea3d0ba26ea8167b71b4b79f05640982c1b1fa3"},
    {file = "grimp-3.9-cp313-cp313-musllinux_1_2_x86_64.whl", hash = "sha256:75f33e7b98652ce17fc9a5d0dce0bc5f4ba68fd73a15f10dd4cd1ea511bab0c1"},
    {file = "grimp-3.9-cp313-cp313-win32.whl", hash = "sha256:72921d8727a508b34393a330748db91fca62fa506b86f5a4c457f713a6468c15"},
    {file = "grimp-3.9-cp313-cp313-win_amd64.whl", hash = "sha256:cd65bc6d030d9d788a1794e01cdc3b4abce2971cc821e2e7dc02d09c45febc56"},
    {file = "grimp-3.9-cp313-cp313t-manylinux_2_17_aarch64.manylinux2014_aarch64.whl", hash = "sha256:057d4f7e4b9f62909406701d5bab773b39e1fd8591043c6b19dba3ab3b275625"},
    {file = "grimp-3.9-cp313-cp313t-manylinux_2_17_armv7l.manylinux2014_armv7l.whl", hash = "sha256:0c660f1222b7c11d725d298bce09b85376b0084d5515b8364a7a70c0547a0992"},
    {file = "grimp-3.9-cp313-cp313t-manylinux_2_17_ppc64le.manylinux2014_ppc64le.whl", hash = "sha256:78662f2c0ae4e7ff3eacff051e6b3110ed026135545a1825a53a858d4e966ebb"},
    {file = "grimp-3.9-cp313-cp313t-manylinux_2_17_s390x.manylinux2014_s390x.whl", hash = "sha256:1b57b20f51ce7765adaffd80b3a17a365b770a5d237a772a2a8a74cc19c186f2"},
    {file = "grimp-3.9-cp313-cp313t-musllinux_1_2_aarch64.whl", hash = "sha256:335511ad698e2a7d6e15dccdb843afc6ad4bde79f213479c799f67c98ce36002"},
    {file = "grimp-3.9-cp313-cp313t-musllinux_1_2_armv7l.whl", hash = "sha256:574c94895d4fcac2e5ae794636fe687fb80b9ca59fe3bb8458d7a64bc3b3ed9e"},
    {file = "grimp-3.9-cp313-cp313t-musllinux_1_2_i686.whl", hash = "sha256:84c95f9df61ddaffd8f41a4181aa652f3fdf9932b26634cd8273d4dcd926321e"},
    {file = "grimp-3.9-cp313-cp313t-musllinux_1_2_x86_64.whl", hash = "sha256:9ddcbfd11d6e6b813121db1116f6b3c4930ab433a949522b5e80542c5da3d805"},
    {file = "grimp-3.9-cp39-cp39-macosx_10_12_x86_64.whl", hash = "sha256:5de1aedb52351f23f7a70cff66c16feacfd69567fb1cac04a9b0ea321760f2f5"},
    {file = "grimp-3.9-cp39-cp39-macosx_11_0_arm64.whl", hash = "sha256:44e6785aed2dcce003900f41798c21ae8c6f5899f36e304870a86a75ade18a0d"},
    {file = "grimp-3.9-cp39-cp39-manylinux_2_17_aarch64.manylinux2014_aarch64.whl", hash = "sha256:bbf998acdfa7ed87a70b0eba44cb240aec0273dc087f132c72ed1ad583625313"},
    {file = "grimp-3.9-cp39-cp39-manylinux_2_17_armv7l.manylinux2014_armv7l.whl", hash = "sha256:751304b8de0525c1276299f72cd81df04367438cdb384ea7df98753f11e4342b"},
    {file = "grimp-3.9-cp39-cp39-manylinux_2_17_i686.manylinux2014_i686.whl", hash = "sha256:72675e36675479df1f933cff4969adb480037c0155461b6944d030bd83c46deb"},
    {file = "grimp-3.9-cp39-cp39-manylinux_2_17_ppc64le.manylinux2014_ppc64le.whl", hash = "sha256:8a45d6042b9cabc4df9817745a531b746c0ead456550928219c7642ec05dd222"},
    {file = "grimp-3.9-cp39-cp39-manylinux_2_17_s390x.manylinux2014_s390x.whl", hash = "sha256:c9a61fd84e01ce5d4ca150494c614cc4db2a6c974d454bca7f169dd03d52f741"},
    {file = "grimp-3.9-cp39-cp39-manylinux_2_17_x86_64.manylinux2014_x86_64.whl", hash = "sha256:3c8bd22361a9cc5f602d9386ee271c260493dfab68a21c7f61ee5227c4407b7d"},
    {file = "grimp-3.9-cp39-cp39-musllinux_1_2_aarch64.whl", hash = "sha256:1d08a71a2d794f4c4fd891f96f6a37e8e83e562aa078f72eaaa3ca07ee8ab550"},
    {file = "grimp-3.9-cp39-cp39-musllinux_1_2_armv7l.whl", hash = "sha256:f32902b833c9ef9208f2c62975ba234ab4204e7a6f79f919bde6dc2fc589531b"},
    {file = "grimp-3.9-cp39-cp39-musllinux_1_2_i686.whl", hash = "sha256:11aafe1cbeb263a9a9f592feb957929bf7e7cef77a315ac3a13f9692eb8b16b1"},
    {file = "grimp-3.9-cp39-cp39-musllinux_1_2_x86_64.whl", hash = "sha256:bf316209ec7e2e46506e1ce3223b473f9869d01e88c6f01f78198434dd987bd5"},
    {file = "grimp-3.9-cp39-cp39-win32.whl", hash = "sha256:156d76ad1b2ac8967af0962909fda251e3f14a3ab2ee453a66ab12cf0186d3c4"},
    {file = "grimp-3.9-cp39-cp39-win_amd64.whl", hash = "sha256:6f66c9d037f4adeb30ea083da4e2a5d77411107ea86e488706864817e7663a76"},
    {file = "grimp-3.9-pp310-pypy310_pp73-manylinux_2_17_aarch64.manylinux2014_aarch64.whl", hash = "sha256:c10a8dadb7094a4d437da37ad9c4782eb3d08c52b8e80aa9a9cfbf0d0d289203"},
    {file = "grimp-3.9-pp310-pypy310_pp73-manylinux_2_17_armv7l.manylinux2014_armv7l.whl", hash = "sha256:c9e86bc544056385041f9e5ff4f061fa88209219cee5689aa564d995ecb0bfe8"},
    {file = "grimp-3.9-pp310-pypy310_pp73-manylinux_2_17_i686.manylinux2014_i686.whl", hash = "sha256:94414e7c29117cc6bc92a68bc2fe81ad3c80469c410c6c7da14db10fb814b66c"},
    {file = "grimp-3.9-pp310-pypy310_pp73-manylinux_2_17_ppc64le.manylinux2014_ppc64le.whl", hash = "sha256:c637b9f58e4a4a9265b3c1db5ff30d285495412b5baeeede676443c0bd9cb75b"},
    {file = "grimp-3.9-pp310-pypy310_pp73-manylinux_2_17_s390x.manylinux2014_s390x.whl", hash = "sha256:e10be6c463ac6f519f5b9a047e57292f00162d750c61bbb19df8d0ef23144c71"},
    {file = "grimp-3.9-pp310-pypy310_pp73-manylinux_2_17_x86_64.manylinux2014_x86_64.whl", hash = "sha256:6217f7bc2a2227bd0c7baaf2c84fee2e1fa504535838a58684675fcb1d05a144"},
    {file = "grimp-3.9-pp310-pypy310_pp73-musllinux_1_2_aarch64.whl", hash = "sha256:2d6a2aa5e72a6b24b1df0904e0b73be3be037ac395a0f7c41c753cd1be21d0be"},
    {file = "grimp-3.9-pp310-pypy310_pp73-musllinux_1_2_armv7l.whl", hash = "sha256:8e7dceec0c9651b3cbefe3bc59eaec6c74054d862630458db46e0be5bdbbbc85"},
    {file = "grimp-3.9-pp310-pypy310_pp73-musllinux_1_2_i686.whl", hash = "sha256:b6dbdb37c85d335e035db7670da118d12a9ea09662fe74a667706f6dda36d6dd"},
    {file = "grimp-3.9-pp310-pypy310_pp73-musllinux_1_2_x86_64.whl", hash = "sha256:8125134fca3b89608efae89b82e2ab2156619492e26af6cb8d90e862d31b345e"},
    {file = "grimp-3.9-pp311-pypy311_pp73-manylinux_2_17_aarch64.manylinux2014_aarch64.whl", hash = "sha256:61b9069230b38f50fe85adba1037a8c9abfb21d2e219ba7ee76e045b3ff2b119"},
    {file = "grimp-3.9-pp311-pypy311_pp73-manylinux_2_17_armv7l.manylinux2014_armv7l.whl", hash = "sha256:c2bda4243558d3ddd349a135c3444ef20d6778471316bbe8e5ca84ffc7a97447"},
    {file = "grimp-3.9-pp311-pypy311_pp73-manylinux_2_17_i686.manylinux2014_i686.whl", hash = "sha256:f9711f25ad6c03f33c14b158c4c83beaf906d544026a575f4aadd8dbd9d30594"},
    {file = "grimp-3.9-pp311-pypy311_pp73-manylinux_2_17_ppc64le.manylinux2014_ppc64le.whl", hash = "sha256:642139de62d81650fcf3130a68fc1a6db2e244a2c02d84ff98e6b73d70588de1"},
    {file = "grimp-3.9-pp311-pypy311_pp73-manylinux_2_17_s390x.manylinux2014_s390x.whl", hash = "sha256:33b819a79171d8707583b40d3fc658f16758339da19496f0a49ae856cf904104"},
    {file = "grimp-3.9-pp311-pypy311_pp73-manylinux_2_17_x86_64.manylinux2014_x86_64.whl", hash = "sha256:0ff48e80a2c1ffde2c0b5b6e0a1f178058090f3d0e25b3ae1f2f00a9fb38a2fe"},
    {file = "grimp-3.9-pp311-pypy311_pp73-musllinux_1_2_aarch64.whl", hash = "sha256:e087b54eb1b8b6d3171d986dbfdd9ad7d73df1944dfaa55d08d3c66b33c94638"},
    {file = "grimp-3.9-pp311-pypy311_pp73-musllinux_1_2_armv7l.whl", hash = "sha256:a9c3bd888ea57dca279765078facba2d4ed460a2f19850190df6b1e5e498aef3"},
    {file = "grimp-3.9-pp311-pypy311_pp73-musllinux_1_2_i686.whl", hash = "sha256:5392b4f863dca505a6801af8be738228cdce5f1c71d90f7f8efba2cdc2f1a1cb"},
    {file = "grimp-3.9-pp311-pypy311_pp73-musllinux_1_2_x86_64.whl", hash = "sha256:7719cb213aacad7d0e6d69a9be4f998133d9b9ad3fa873b07dfaa221131ac2dc"},
    {file = "grimp-3.9-pp39-pypy39_pp73-manylinux_2_17_aarch64.manylinux2014_aarch64.whl", hash = "sha256:39e0fdc42b55954e26c595e7c9ac477218d4a342024b198d90ab76ec82263065"},
    {file = "grimp-3.9-pp39-pypy39_pp73-manylinux_2_17_armv7l.manylinux2014_armv7l.whl", hash = "sha256:99eb44ecb368c0f224247697298182db1858b1142e612a13f6e251acbe27d2ac"},
    {file = "grimp-3.9-pp39-pypy39_pp73-manylinux_2_17_ppc64le.manylinux2014_ppc64le.whl", hash = "sha256:0e4c3766190e1e21d80f368e4a8c48d306fd4ba568ad6168947d39b2d1edd029"},
    {file = "grimp-3.9-pp39-pypy39_pp73-manylinux_2_17_s390x.manylinux2014_s390x.whl", hash = "sha256:8cb92110ded311474b90f30acef51fd23b458c89252ce5a41a1933f39ad8abf7"},
    {file = "grimp-3.9-pp39-pypy39_pp73-musllinux_1_2_aarch64.whl", hash = "sha256:badfc77336e950d3c40ff1338fe32bf603c0afebd7582cbfb34905eb4f85fca1"},
    {file = "grimp-3.9-pp39-pypy39_pp73-musllinux_1_2_armv7l.whl", hash = "sha256:1ddd50c4f62196adcb14999ec49381a41f8404ea166e4d25afb8f944ebaa1728"},
    {file = "grimp-3.9-pp39-pypy39_pp73-musllinux_1_2_i686.whl", hash = "sha256:b994de7d526825bbfc51d1bf1e4ce6037acf0b6a264422029d02adb591575e28"},
    {file = "grimp-3.9-pp39-pypy39_pp73-musllinux_1_2_x86_64.whl", hash = "sha256:434b53437fd06071e94db6c2979b686e14d5995dc7c2ca3fe0793ef489c427da"},
    {file = "grimp-3.9.tar.gz", hash = "sha256:b677ac17301d7e0f1e19cc7057731bd7956a2121181eb5057e51efb44301fb0a"},
]

[package.dependencies]
joblib = ">=1.3.0"
typing-extensions = ">=3.10.0.0"

[[package]]
name = "import-linter"
version = "2.3"
description = "Enforces rules for the imports within and between Python packages."
optional = false
python-versions = ">=3.9"
groups = ["dev"]
files = [
    {file = "import_linter-2.3-py3-none-any.whl", hash = "sha256:5b851776782048ff1be214f1e407ef2e3d30dcb23194e8b852772941811a1258"},
    {file = "import_linter-2.3.tar.gz", hash = "sha256:863646106d52ee5489965670f97a2a78f2c8c68d2d20392322bf0d7cc0111aa7"},
]

[package.dependencies]
click = ">=6"
grimp = ">=3.7"
typing-extensions = ">=3.10.0.0"

[[package]]
name = "joblib"
version = "1.5.1"
description = "Lightweight pipelining with Python functions"
optional = false
python-versions = ">=3.9"
groups = ["dev"]
files = [
    {file = "joblib-1.5.1-py3-none-any.whl", hash = "sha256:4719a31f054c7d766948dcd83e9613686b27114f190f717cec7eaa2084f8a74a"},
    {file = "joblib-1.5.1.tar.gz", hash = "sha256:f4f86e351f39fe3d0d32a9f2c3d8af1ee4cec285aafcb27003dda5205576b444"},
]

[[package]]
name = "mccabe"
version = "0.7.0"
description = "McCabe checker, plugin for flake8"
optional = false
python-versions = ">=3.6"
groups = ["dev"]
files = [
    {file = "mccabe-0.7.0-py2.py3-none-any.whl", hash = "sha256:6c2d30ab6be0e4a46919781807b4f0d834ebdd6c6e3dca0bda5a15f863427b6e"},
    {file = "mccabe-0.7.0.tar.gz", hash = "sha256:348e0240c33b60bbdf4e523192ef919f28cb2c3d7d5c7794f74009290f236325"},
]

[[package]]
name = "mypy"
version = "1.16.1"
description = "Optional static typing for Python"
optional = false
python-versions = ">=3.9"
groups = ["dev"]
files = [
    {file = "mypy-1.16.1-cp310-cp310-macosx_10_9_x86_64.whl", hash = "sha256:b4f0fed1022a63c6fec38f28b7fc77fca47fd490445c69d0a66266c59dd0b88a"},
    {file = "mypy-1.16.1-cp310-cp310-macosx_11_0_arm64.whl", hash = "sha256:86042bbf9f5a05ea000d3203cf87aa9d0ccf9a01f73f71c58979eb9249f46d72"},
    {file = "mypy-1.16.1-cp310-cp310-manylinux_2_17_aarch64.manylinux2014_aarch64.manylinux_2_28_aarch64.whl", hash = "sha256:ea7469ee5902c95542bea7ee545f7006508c65c8c54b06dc2c92676ce526f3ea"},
    {file = "mypy-1.16.1-cp310-cp310-manylinux_2_17_x86_64.manylinux2014_x86_64.manylinux_2_28_x86_64.whl", hash = "sha256:352025753ef6a83cb9e7f2427319bb7875d1fdda8439d1e23de12ab164179574"},
    {file = "mypy-1.16.1-cp310-cp310-musllinux_1_2_x86_64.whl", hash = "sha256:ff9fa5b16e4c1364eb89a4d16bcda9987f05d39604e1e6c35378a2987c1aac2d"},
    {file = "mypy-1.16.1-cp310-cp310-win_amd64.whl", hash = "sha256:1256688e284632382f8f3b9e2123df7d279f603c561f099758e66dd6ed4e8bd6"},
    {file = "mypy-1.16.1-cp311-cp311-macosx_10_9_x86_64.whl", hash = "sha256:472e4e4c100062488ec643f6162dd0d5208e33e2f34544e1fc931372e806c0cc"},
    {file = "mypy-1.16.1-cp311-cp311-macosx_11_0_arm64.whl", hash = "sha256:ea16e2a7d2714277e349e24d19a782a663a34ed60864006e8585db08f8ad1782"},
    {file = "mypy-1.16.1-cp311-cp311-manylinux_2_17_aarch64.manylinux2014_aarch64.manylinux_2_28_aarch64.whl", hash = "sha256:08e850ea22adc4d8a4014651575567b0318ede51e8e9fe7a68f25391af699507"},
    {file = "mypy-1.16.1-cp311-cp311-manylinux_2_17_x86_64.manylinux2014_x86_64.manylinux_2_28_x86_64.whl", hash = "sha256:22d76a63a42619bfb90122889b903519149879ddbf2ba4251834727944c8baca"},
    {file = "mypy-1.16.1-cp311-cp311-musllinux_1_2_x86_64.whl", hash = "sha256:2c7ce0662b6b9dc8f4ed86eb7a5d505ee3298c04b40ec13b30e572c0e5ae17c4"},
    {file = "mypy-1.16.1-cp311-cp311-win_amd64.whl", hash = "sha256:211287e98e05352a2e1d4e8759c5490925a7c784ddc84207f4714822f8cf99b6"},
    {file = "mypy-1.16.1-cp312-cp312-macosx_10_13_x86_64.whl", hash = "sha256:af4792433f09575d9eeca5c63d7d90ca4aeceda9d8355e136f80f8967639183d"},
    {file = "mypy-1.16.1-cp312-cp312-macosx_11_0_arm64.whl", hash = "sha256:66df38405fd8466ce3517eda1f6640611a0b8e70895e2a9462d1d4323c5eb4b9"},
    {file = "mypy-1.16.1-cp312-cp312-manylinux_2_17_aarch64.manylinux2014_aarch64.manylinux_2_28_aarch64.whl", hash = "sha256:44e7acddb3c48bd2713994d098729494117803616e116032af192871aed80b79"},
    {file = "mypy-1.16.1-cp312-cp312-manylinux_2_17_x86_64.manylinux2014_x86_64.manylinux_2_28_x86_64.whl", hash = "sha256:0ab5eca37b50188163fa7c1b73c685ac66c4e9bdee4a85c9adac0e91d8895e15"},
    {file = "mypy-1.16.1-cp312-cp312-musllinux_1_2_x86_64.whl", hash = "sha256:dedb6229b2c9086247e21a83c309754b9058b438704ad2f6807f0d8227f6ebdd"},
    {file = "mypy-1.16.1-cp312-cp312-win_amd64.whl", hash = "sha256:1f0435cf920e287ff68af3d10a118a73f212deb2ce087619eb4e648116d1fe9b"},
    {file = "mypy-1.16.1-cp313-cp313-macosx_10_13_x86_64.whl", hash = "sha256:ddc91eb318c8751c69ddb200a5937f1232ee8efb4e64e9f4bc475a33719de438"},
    {file = "mypy-1.16.1-cp313-cp313-macosx_11_0_arm64.whl", hash = "sha256:87ff2c13d58bdc4bbe7dc0dedfe622c0f04e2cb2a492269f3b418df2de05c536"},
    {file = "mypy-1.16.1-cp313-cp313-manylinux_2_17_aarch64.manylinux2014_aarch64.manylinux_2_28_aarch64.whl", hash = "sha256:0a7cfb0fe29fe5a9841b7c8ee6dffb52382c45acdf68f032145b75620acfbd6f"},
    {file = "mypy-1.16.1-cp313-cp313-manylinux_2_17_x86_64.manylinux2014_x86_64.manylinux_2_28_x86_64.whl", hash = "sha256:051e1677689c9d9578b9c7f4d206d763f9bbd95723cd1416fad50db49d52f359"},
    {file = "mypy-1.16.1-cp313-cp313-musllinux_1_2_x86_64.whl", hash = "sha256:d5d2309511cc56c021b4b4e462907c2b12f669b2dbeb68300110ec27723971be"},
    {file = "mypy-1.16.1-cp313-cp313-win_amd64.whl", hash = "sha256:4f58ac32771341e38a853c5d0ec0dfe27e18e27da9cdb8bbc882d2249c71a3ee"},
    {file = "mypy-1.16.1-cp39-cp39-macosx_10_9_x86_64.whl", hash = "sha256:7fc688329af6a287567f45cc1cefb9db662defeb14625213a5b7da6e692e2069"},
    {file = "mypy-1.16.1-cp39-cp39-macosx_11_0_arm64.whl", hash = "sha256:5e198ab3f55924c03ead626ff424cad1732d0d391478dfbf7bb97b34602395da"},
    {file = "mypy-1.16.1-cp39-cp39-manylinux_2_17_aarch64.manylinux2014_aarch64.manylinux_2_28_aarch64.whl", hash = "sha256:09aa4f91ada245f0a45dbc47e548fd94e0dd5a8433e0114917dc3b526912a30c"},
    {file = "mypy-1.16.1-cp39-cp39-manylinux_2_17_x86_64.manylinux2014_x86_64.manylinux_2_28_x86_64.whl", hash = "sha256:13c7cd5b1cb2909aa318a90fd1b7e31f17c50b242953e7dd58345b2a814f6383"},
    {file = "mypy-1.16.1-cp39-cp39-musllinux_1_2_x86_64.whl", hash = "sha256:58e07fb958bc5d752a280da0e890c538f1515b79a65757bbdc54252ba82e0b40"},
    {file = "mypy-1.16.1-cp39-cp39-win_amd64.whl", hash = "sha256:f895078594d918f93337a505f8add9bd654d1a24962b4c6ed9390e12531eb31b"},
    {file = "mypy-1.16.1-py3-none-any.whl", hash = "sha256:5fc2ac4027d0ef28d6ba69a0343737a23c4d1b83672bf38d1fe237bdc0643b37"},
    {file = "mypy-1.16.1.tar.gz", hash = "sha256:6bd00a0a2094841c5e47e7374bb42b83d64c527a502e3334e1173a0c24437bab"},
]

[package.dependencies]
mypy_extensions = ">=1.0.0"
pathspec = ">=0.9.0"
typing_extensions = ">=4.6.0"

[package.extras]
dmypy = ["psutil (>=4.0)"]
faster-cache = ["orjson"]
install-types = ["pip"]
mypyc = ["setuptools (>=50)"]
reports = ["lxml"]

[[package]]
name = "mypy-extensions"
version = "1.1.0"
description = "Type system extensions for programs checked with the mypy type checker."
optional = false
python-versions = ">=3.8"
groups = ["dev"]
files = [
    {file = "mypy_extensions-1.1.0-py3-none-any.whl", hash = "sha256:1be4cccdb0f2482337c4743e60421de3a356cd97508abadd57d47403e94f5505"},
    {file = "mypy_extensions-1.1.0.tar.gz", hash = "sha256:52e68efc3284861e772bbcd66823fde5ae21fd2fdb51c62a211403730b916558"},
]

[[package]]
name = "pathspec"
version = "0.12.1"
description = "Utility library for gitignore style pattern matching of file paths."
optional = false
python-versions = ">=3.8"
groups = ["dev"]
files = [
    {file = "pathspec-0.12.1-py3-none-any.whl", hash = "sha256:a0d503e138a4c123b27490a4f7beda6a01c6f288df0e4a8b79c7eb0dc7b4cc08"},
    {file = "pathspec-0.12.1.tar.gz", hash = "sha256:a482d51503a1ab33b1c67a6c3813a26953dbdc71c31dacaef9a838c4e29f5712"},
]

[[package]]
name = "pycodestyle"
version = "2.14.0"
description = "Python style guide checker"
optional = false
python-versions = ">=3.9"
groups = ["dev"]
files = [
    {file = "pycodestyle-2.14.0-py2.py3-none-any.whl", hash = "sha256:dd6bf7cb4ee77f8e016f9c8e74a35ddd9f67e1d5fd4184d86c3b98e07099f42d"},
    {file = "pycodestyle-2.14.0.tar.gz", hash = "sha256:c4b5b517d278089ff9d0abdec919cd97262a3367449ea1c8b49b91529167b783"},
]

[[package]]
name = "pyflakes"
version = "3.4.0"
description = "passive checker of Python programs"
optional = false
python-versions = ">=3.9"
groups = ["dev"]
files = [
    {file = "pyflakes-3.4.0-py2.py3-none-any.whl", hash = "sha256:f742a7dbd0d9cb9ea41e9a24a918996e8170c799fa528688d40dd582c8265f4f"},
    {file = "pyflakes-3.4.0.tar.gz", hash = "sha256:b24f96fafb7d2ab0ec5075b7350b3d2d2218eab42003821c06344973d3ea2f58"},
]

[[package]]
name = "pygments"
version = "2.19.2"
description = "Pygments is a syntax highlighting package written in Python."
optional = false
python-versions = ">=3.8"
groups = ["dev"]
files = [
    {file = "pygments-2.19.2-py3-none-any.whl", hash = "sha256:86540386c03d588bb81d44bc3928634ff26449851e99741617ecb9037ee5ec0b"},
    {file = "pygments-2.19.2.tar.gz", hash = "sha256:636cb2477cec7f8952536970bc533bc43743542f70392ae026374600add5b887"},
]

[package.extras]
windows-terminal = ["colorama (>=0.4.6)"]

[[package]]
name = "ruff"
version = "0.12.1"
description = "An extremely fast Python linter and code formatter, written in Rust."
optional = false
python-versions = ">=3.7"
groups = ["dev"]
files = [
    {file = "ruff-0.12.1-py3-none-linux_armv6l.whl", hash = "sha256:6013a46d865111e2edb71ad692fbb8262e6c172587a57c0669332a449384a36b"},
    {file = "ruff-0.12.1-py3-none-macosx_10_12_x86_64.whl", hash = "sha256:b3f75a19e03a4b0757d1412edb7f27cffb0c700365e9d6b60bc1b68d35bc89e0"},
    {file = "ruff-0.12.1-py3-none-macosx_11_0_arm64.whl", hash = "sha256:9a256522893cb7e92bb1e1153283927f842dea2e48619c803243dccc8437b8be"},
    {file = "ruff-0.12.1-py3-none-manylinux_2_17_aarch64.manylinux2014_aarch64.whl", hash = "sha256:069052605fe74c765a5b4272eb89880e0ff7a31e6c0dbf8767203c1fbd31c7ff"},
    {file = "ruff-0.12.1-py3-none-manylinux_2_17_armv7l.manylinux2014_armv7l.whl", hash = "sha256:a684f125a4fec2d5a6501a466be3841113ba6847827be4573fddf8308b83477d"},
    {file = "ruff-0.12.1-py3-none-manylinux_2_17_i686.manylinux2014_i686.whl", hash = "sha256:bdecdef753bf1e95797593007569d8e1697a54fca843d78f6862f7dc279e23bd"},
    {file = "ruff-0.12.1-py3-none-manylinux_2_17_ppc64.manylinux2014_ppc64.whl", hash = "sha256:70d52a058c0e7b88b602f575d23596e89bd7d8196437a4148381a3f73fcd5010"},
    {file = "ruff-0.12.1-py3-none-manylinux_2_17_ppc64le.manylinux2014_ppc64le.whl", hash = "sha256:84d0a69d1e8d716dfeab22d8d5e7c786b73f2106429a933cee51d7b09f861d4e"},
    {file = "ruff-0.12.1-py3-none-manylinux_2_17_s390x.manylinux2014_s390x.whl", hash = "sha256:6cc32e863adcf9e71690248607ccdf25252eeeab5193768e6873b901fd441fed"},
    {file = "ruff-0.12.1-py3-none-manylinux_2_17_x86_64.manylinux2014_x86_64.whl", hash = "sha256:7fd49a4619f90d5afc65cf42e07b6ae98bb454fd5029d03b306bd9e2273d44cc"},
    {file = "ruff-0.12.1-py3-none-musllinux_1_2_aarch64.whl", hash = "sha256:ed5af6aaaea20710e77698e2055b9ff9b3494891e1b24d26c07055459bb717e9"},
    {file = "ruff-0.12.1-py3-none-musllinux_1_2_armv7l.whl", hash = "sha256:801d626de15e6bf988fbe7ce59b303a914ff9c616d5866f8c79eb5012720ae13"},
    {file = "ruff-0.12.1-py3-none-musllinux_1_2_i686.whl", hash = "sha256:2be9d32a147f98a1972c1e4df9a6956d612ca5f5578536814372113d09a27a6c"},
    {file = "ruff-0.12.1-py3-none-musllinux_1_2_x86_64.whl", hash = "sha256:49b7ce354eed2a322fbaea80168c902de9504e6e174fd501e9447cad0232f9e6"},
    {file = "ruff-0.12.1-py3-none-win32.whl", hash = "sha256:d973fa626d4c8267848755bd0414211a456e99e125dcab147f24daa9e991a245"},
    {file = "ruff-0.12.1-py3-none-win_amd64.whl", hash = "sha256:9e1123b1c033f77bd2590e4c1fe7e8ea72ef990a85d2484351d408224d603013"},
    {file = "ruff-0.12.1-py3-none-win_arm64.whl", hash = "sha256:78ad09a022c64c13cc6077707f036bab0fac8cd7088772dcd1e5be21c5002efc"},
    {file = "ruff-0.12.1.tar.gz", hash = "sha256:806bbc17f1104fd57451a98a58df35388ee3ab422e029e8f5cf30aa4af2c138c"},
]

[[package]]
name = "typing-extensions"
version = "4.14.0"
description = "Backported and Experimental Type Hints for Python 3.9+"
optional = false
python-versions = ">=3.9"
groups = ["dev"]
files = [
    {file = "typing_extensions-4.14.0-py3-none-any.whl", hash = "sha256:a1514509136dd0b477638fc68d6a91497af5076466ad0fa6c338e44e359944af"},
    {file = "typing_extensions-4.14.0.tar.gz", hash = "sha256:8676b788e32f02ab42d9e7c61324048ae4c6d844a399eebace3d4979d75ceef4"},
]

[[package]]
name = "wemake-python-styleguide"
version = "1.1.0"
description = "The strictest and most opinionated python linter ever"
optional = false
python-versions = "<4.0,>=3.10"
groups = ["dev"]
files = [
    {file = "wemake_python_styleguide-1.1.0-py3-none-any.whl", hash = "sha256:32644cf35f6cd4c49c2d36e7b10336f8fe105250ba79365e27c5fa648bfc0616"},
    {file = "wemake_python_styleguide-1.1.0.tar.gz", hash = "sha256:a9086e4867560c06fe47deb2101c72d1a1fd7ecb7a3235b297b6e02e9298e71e"},
]

[package.dependencies]
attrs = "*"
flake8 = ">=7.1,<8.0"
pygments = ">=2.5,<3.0"

[metadata]
lock-version = "2.1"
python-versions = ">=3.13,<4.0"
content-hash = "5981c5841400f29c374241459c2d4b9df47574bc5cf0b4afc52b59e9dd3f1da7"
